// !$*UTF8*$!
{
	archiveVersion = 1;
	classes = {
	};
	objectVersion = 55;
	objects = {

/* Begin PBXBuildFile section */
		B4191AE927DEDE9000D447EA /* SwiftUIAnimationPropertiesApp.swift in Sources */ = {isa = PBXBuildFile; fileRef = B4191AE827DEDE9000D447EA /* SwiftUIAnimationPropertiesApp.swift */; };
		B4191AEB27DEDE9000D447EA /* ContentView.swift in Sources */ = {isa = PBXBuildFile; fileRef = B4191AEA27DEDE9000D447EA /* ContentView.swift */; };
		B4191AED27DEDE9000D447EA /* Assets.xcassets in Resources */ = {isa = PBXBuildFile; fileRef = B4191AEC27DEDE9000D447EA /* Assets.xcassets */; };
		B4191AF027DEDE9000D447EA /* Preview Assets.xcassets in Resources */ = {isa = PBXBuildFile; fileRef = B4191AEF27DEDE9000D447EA /* Preview Assets.xcassets */; };
		B4191AF827DEE04A00D447EA /* Animate_Color.swift in Sources */ = {isa = PBXBuildFile; fileRef = B4191AF727DEE04A00D447EA /* Animate_Color.swift */; };
		B4191AFA27DEE11B00D447EA /* CustomViews.swift in Sources */ = {isa = PBXBuildFile; fileRef = B4191AF927DEE11B00D447EA /* CustomViews.swift */; };
		B4191AFC27DEE2DC00D447EA /* Animate_HueRotation.swift in Sources */ = {isa = PBXBuildFile; fileRef = B4191AFB27DEE2DC00D447EA /* Animate_HueRotation.swift */; };
		B4191B0927DEE2EF00D447EA /* Animate_Alignment.swift in Sources */ = {isa = PBXBuildFile; fileRef = B4191AFD27DEE2EF00D447EA /* Animate_Alignment.swift */; };
		B4191B0A27DEE2EF00D447EA /* Animate_RotationEffect_Anchors.swift in Sources */ = {isa = PBXBuildFile; fileRef = B4191AFE27DEE2EF00D447EA /* Animate_RotationEffect_Anchors.swift */; };
		B4191B0B27DEE2EF00D447EA /* Animate_GeometryReader.swift in Sources */ = {isa = PBXBuildFile; fileRef = B4191AFF27DEE2EF00D447EA /* Animate_GeometryReader.swift */; };
		B4191B0C27DEE2EF00D447EA /* Animate_RoundedCorners.swift in Sources */ = {isa = PBXBuildFile; fileRef = B4191B0027DEE2EF00D447EA /* Animate_RoundedCorners.swift */; };
		B4191B0D27DEE2EF00D447EA /* Animate_ScaleEffect_Anchors.swift in Sources */ = {isa = PBXBuildFile; fileRef = B4191B0127DEE2EF00D447EA /* Animate_ScaleEffect_Anchors.swift */; };
		B4191B0E27DEE2EF00D447EA /* Animate_RotationEffect.swift in Sources */ = {isa = PBXBuildFile; fileRef = B4191B0227DEE2EF00D447EA /* Animate_RotationEffect.swift */; };
		B4191B0F27DEE2EF00D447EA /* Animate_Offset.swift in Sources */ = {isa = PBXBuildFile; fileRef = B4191B0327DEE2EF00D447EA /* Animate_Offset.swift */; };
		B4191B1027DEE2EF00D447EA /* Animate_Size_Frame.swift in Sources */ = {isa = PBXBuildFile; fileRef = B4191B0427DEE2EF00D447EA /* Animate_Size_Frame.swift */; };
		B4191B1127DEE2EF00D447EA /* Animate_Opacity.swift in Sources */ = {isa = PBXBuildFile; fileRef = B4191B0527DEE2EF00D447EA /* Animate_Opacity.swift */; };
		B4191B1227DEE2EF00D447EA /* Animate_Size_ScaleEffect.swift in Sources */ = {isa = PBXBuildFile; fileRef = B4191B0627DEE2EF00D447EA /* Animate_Size_ScaleEffect.swift */; };
		B4191B1327DEE2EF00D447EA /* Animate_TextSize.swift in Sources */ = {isa = PBXBuildFile; fileRef = B4191B0727DEE2EF00D447EA /* Animate_TextSize.swift */; };
		B4191B1427DEE2EF00D447EA /* Animate_Trim.swift in Sources */ = {isa = PBXBuildFile; fileRef = B4191B0827DEE2EF00D447EA /* Animate_Trim.swift */; };
		B4191B1727DEE71200D447EA /* Animate_TextSize_ScaleEffect.swift in Sources */ = {isa = PBXBuildFile; fileRef = B4191B1527DEE71200D447EA /* Animate_TextSize_ScaleEffect.swift */; };
		B4191B1827DEE71200D447EA /* Animate_TextSize_ScaleEffect_Solution.swift in Sources */ = {isa = PBXBuildFile; fileRef = B4191B1627DEE71200D447EA /* Animate_TextSize_ScaleEffect_Solution.swift */; };
		B4191B1A27DEE8F600D447EA /* AnimatableProperties.swift in Sources */ = {isa = PBXBuildFile; fileRef = B4191B1927DEE8F600D447EA /* AnimatableProperties.swift */; };
		B4191B1D27DEEE6400D447EA /* Animation.swift in Sources */ = {isa = PBXBuildFile; fileRef = B4191B1C27DEEE6400D447EA /* Animation.swift */; };
		B4191B2027DEF36400D447EA /* NoAnimation.swift in Sources */ = {isa = PBXBuildFile; fileRef = B4191B1E27DEF36400D447EA /* NoAnimation.swift */; };
		B4191B2127DEF36400D447EA /* WithAnimation.swift in Sources */ = {isa = PBXBuildFile; fileRef = B4191B1F27DEF36400D447EA /* WithAnimation.swift */; };
		B4191B2327DEF45E00D447EA /* AnimationCurves.swift in Sources */ = {isa = PBXBuildFile; fileRef = B4191B2227DEF45E00D447EA /* AnimationCurves.swift */; };
		B4191B2527DEFA9600D447EA /* CustomTimingCurve.swift in Sources */ = {isa = PBXBuildFile; fileRef = B4191B2427DEFA9600D447EA /* CustomTimingCurve.swift */; };
		B4191B2727DEFB0C00D447EA /* AnimationCurvesExample.swift in Sources */ = {isa = PBXBuildFile; fileRef = B4191B2627DEFB0C00D447EA /* AnimationCurvesExample.swift */; };
		B4191B2D27DF049D00D447EA /* SpringAnimation.swift in Sources */ = {isa = PBXBuildFile; fileRef = B4191B2C27DF049D00D447EA /* SpringAnimation.swift */; };
		B4191B2F27DF069900D447EA /* SpringExample.swift in Sources */ = {isa = PBXBuildFile; fileRef = B4191B2E27DF069900D447EA /* SpringExample.swift */; };
		B4191B3127DF073F00D447EA /* InteractiveSpring.swift in Sources */ = {isa = PBXBuildFile; fileRef = B4191B3027DF073F00D447EA /* InteractiveSpring.swift */; };
		B4191B3327DF074C00D447EA /* InterpolatingSpring.swift in Sources */ = {isa = PBXBuildFile; fileRef = B4191B3227DF074C00D447EA /* InterpolatingSpring.swift */; };
		B4191B3527E0C99400D447EA /* Transition.swift in Sources */ = {isa = PBXBuildFile; fileRef = B4191B3427E0C99400D447EA /* Transition.swift */; };
		B4191B3727E0CF0C00D447EA /* PresetTransitions.swift in Sources */ = {isa = PBXBuildFile; fileRef = B4191B3627E0CF0C00D447EA /* PresetTransitions.swift */; };
		B458551527E0D29F0032239C /* Slide.swift in Sources */ = {isa = PBXBuildFile; fileRef = B458551427E0D29F0032239C /* Slide.swift */; };
		B458551A27E0D2A90032239C /* Opacity.swift in Sources */ = {isa = PBXBuildFile; fileRef = B458551627E0D2A90032239C /* Opacity.swift */; };
		B458551B27E0D2A90032239C /* Offset.swift in Sources */ = {isa = PBXBuildFile; fileRef = B458551727E0D2A90032239C /* Offset.swift */; };
		B458551C27E0D2A90032239C /* Scale.swift in Sources */ = {isa = PBXBuildFile; fileRef = B458551827E0D2A90032239C /* Scale.swift */; };
		B458551D27E0D2A90032239C /* Move.swift in Sources */ = {isa = PBXBuildFile; fileRef = B458551927E0D2A90032239C /* Move.swift */; };
		B458551F27E0D6400032239C /* Combining.swift in Sources */ = {isa = PBXBuildFile; fileRef = B458551E27E0D6400032239C /* Combining.swift */; };
		B458552127E0D72B0032239C /* AssymetricTransition.swift in Sources */ = {isa = PBXBuildFile; fileRef = B458552027E0D72B0032239C /* AssymetricTransition.swift */; };
/* End PBXBuildFile section */

/* Begin PBXFileReference section */
		B4191AE527DEDE9000D447EA /* SwiftUIAnimationProperties.app */ = {isa = PBXFileReference; explicitFileType = wrapper.application; includeInIndex = 0; path = SwiftUIAnimationProperties.app; sourceTree = BUILT_PRODUCTS_DIR; };
		B4191AE827DEDE9000D447EA /* SwiftUIAnimationPropertiesApp.swift */ = {isa = PBXFileReference; lastKnownFileType = sourcecode.swift; path = SwiftUIAnimationPropertiesApp.swift; sourceTree = "<group>"; };
		B4191AEA27DEDE9000D447EA /* ContentView.swift */ = {isa = PBXFileReference; lastKnownFileType = sourcecode.swift; path = ContentView.swift; sourceTree = "<group>"; };
		B4191AEC27DEDE9000D447EA /* Assets.xcassets */ = {isa = PBXFileReference; lastKnownFileType = folder.assetcatalog; path = Assets.xcassets; sourceTree = "<group>"; };
		B4191AEF27DEDE9000D447EA /* Preview Assets.xcassets */ = {isa = PBXFileReference; lastKnownFileType = folder.assetcatalog; path = "Preview Assets.xcassets"; sourceTree = "<group>"; };
		B4191AF727DEE04A00D447EA /* Animate_Color.swift */ = {isa = PBXFileReference; lastKnownFileType = sourcecode.swift; path = Animate_Color.swift; sourceTree = "<group>"; };
		B4191AF927DEE11B00D447EA /* CustomViews.swift */ = {isa = PBXFileReference; fileEncoding = 4; lastKnownFileType = sourcecode.swift; path = CustomViews.swift; sourceTree = "<group>"; };
		B4191AFB27DEE2DC00D447EA /* Animate_HueRotation.swift */ = {isa = PBXFileReference; fileEncoding = 4; lastKnownFileType = sourcecode.swift; path = Animate_HueRotation.swift; sourceTree = "<group>"; };
		B4191AFD27DEE2EF00D447EA /* Animate_Alignment.swift */ = {isa = PBXFileReference; fileEncoding = 4; lastKnownFileType = sourcecode.swift; path = Animate_Alignment.swift; sourceTree = "<group>"; };
		B4191AFE27DEE2EF00D447EA /* Animate_RotationEffect_Anchors.swift */ = {isa = PBXFileReference; fileEncoding = 4; lastKnownFileType = sourcecode.swift; path = Animate_RotationEffect_Anchors.swift; sourceTree = "<group>"; };
		B4191AFF27DEE2EF00D447EA /* Animate_GeometryReader.swift */ = {isa = PBXFileReference; fileEncoding = 4; lastKnownFileType = sourcecode.swift; path = Animate_GeometryReader.swift; sourceTree = "<group>"; };
		B4191B0027DEE2EF00D447EA /* Animate_RoundedCorners.swift */ = {isa = PBXFileReference; fileEncoding = 4; lastKnownFileType = sourcecode.swift; path = Animate_RoundedCorners.swift; sourceTree = "<group>"; };
		B4191B0127DEE2EF00D447EA /* Animate_ScaleEffect_Anchors.swift */ = {isa = PBXFileReference; fileEncoding = 4; lastKnownFileType = sourcecode.swift; path = Animate_ScaleEffect_Anchors.swift; sourceTree = "<group>"; };
		B4191B0227DEE2EF00D447EA /* Animate_RotationEffect.swift */ = {isa = PBXFileReference; fileEncoding = 4; lastKnownFileType = sourcecode.swift; path = Animate_RotationEffect.swift; sourceTree = "<group>"; };
		B4191B0327DEE2EF00D447EA /* Animate_Offset.swift */ = {isa = PBXFileReference; fileEncoding = 4; lastKnownFileType = sourcecode.swift; path = Animate_Offset.swift; sourceTree = "<group>"; };
		B4191B0427DEE2EF00D447EA /* Animate_Size_Frame.swift */ = {isa = PBXFileReference; fileEncoding = 4; lastKnownFileType = sourcecode.swift; path = Animate_Size_Frame.swift; sourceTree = "<group>"; };
		B4191B0527DEE2EF00D447EA /* Animate_Opacity.swift */ = {isa = PBXFileReference; fileEncoding = 4; lastKnownFileType = sourcecode.swift; path = Animate_Opacity.swift; sourceTree = "<group>"; };
		B4191B0627DEE2EF00D447EA /* Animate_Size_ScaleEffect.swift */ = {isa = PBXFileReference; fileEncoding = 4; lastKnownFileType = sourcecode.swift; path = Animate_Size_ScaleEffect.swift; sourceTree = "<group>"; };
		B4191B0727DEE2EF00D447EA /* Animate_TextSize.swift */ = {isa = PBXFileReference; fileEncoding = 4; lastKnownFileType = sourcecode.swift; path = Animate_TextSize.swift; sourceTree = "<group>"; };
		B4191B0827DEE2EF00D447EA /* Animate_Trim.swift */ = {isa = PBXFileReference; fileEncoding = 4; lastKnownFileType = sourcecode.swift; path = Animate_Trim.swift; sourceTree = "<group>"; };
		B4191B1527DEE71200D447EA /* Animate_TextSize_ScaleEffect.swift */ = {isa = PBXFileReference; fileEncoding = 4; lastKnownFileType = sourcecode.swift; path = Animate_TextSize_ScaleEffect.swift; sourceTree = "<group>"; };
		B4191B1627DEE71200D447EA /* Animate_TextSize_ScaleEffect_Solution.swift */ = {isa = PBXFileReference; fileEncoding = 4; lastKnownFileType = sourcecode.swift; path = Animate_TextSize_ScaleEffect_Solution.swift; sourceTree = "<group>"; };
		B4191B1927DEE8F600D447EA /* AnimatableProperties.swift */ = {isa = PBXFileReference; lastKnownFileType = sourcecode.swift; path = AnimatableProperties.swift; sourceTree = "<group>"; };
		B4191B1C27DEEE6400D447EA /* Animation.swift */ = {isa = PBXFileReference; lastKnownFileType = sourcecode.swift; path = Animation.swift; sourceTree = "<group>"; };
		B4191B1E27DEF36400D447EA /* NoAnimation.swift */ = {isa = PBXFileReference; fileEncoding = 4; lastKnownFileType = sourcecode.swift; path = NoAnimation.swift; sourceTree = "<group>"; };
		B4191B1F27DEF36400D447EA /* WithAnimation.swift */ = {isa = PBXFileReference; fileEncoding = 4; lastKnownFileType = sourcecode.swift; path = WithAnimation.swift; sourceTree = "<group>"; };
		B4191B2227DEF45E00D447EA /* AnimationCurves.swift */ = {isa = PBXFileReference; lastKnownFileType = sourcecode.swift; path = AnimationCurves.swift; sourceTree = "<group>"; };
		B4191B2427DEFA9600D447EA /* CustomTimingCurve.swift */ = {isa = PBXFileReference; lastKnownFileType = sourcecode.swift; path = CustomTimingCurve.swift; sourceTree = "<group>"; };
		B4191B2627DEFB0C00D447EA /* AnimationCurvesExample.swift */ = {isa = PBXFileReference; lastKnownFileType = sourcecode.swift; path = AnimationCurvesExample.swift; sourceTree = "<group>"; };
		B4191B2C27DF049D00D447EA /* SpringAnimation.swift */ = {isa = PBXFileReference; lastKnownFileType = sourcecode.swift; path = SpringAnimation.swift; sourceTree = "<group>"; };
		B4191B2E27DF069900D447EA /* SpringExample.swift */ = {isa = PBXFileReference; lastKnownFileType = sourcecode.swift; path = SpringExample.swift; sourceTree = "<group>"; };
		B4191B3027DF073F00D447EA /* InteractiveSpring.swift */ = {isa = PBXFileReference; lastKnownFileType = sourcecode.swift; path = InteractiveSpring.swift; sourceTree = "<group>"; };
		B4191B3227DF074C00D447EA /* InterpolatingSpring.swift */ = {isa = PBXFileReference; lastKnownFileType = sourcecode.swift; path = InterpolatingSpring.swift; sourceTree = "<group>"; };
		B4191B3427E0C99400D447EA /* Transition.swift */ = {isa = PBXFileReference; lastKnownFileType = sourcecode.swift; path = Transition.swift; sourceTree = "<group>"; };
		B4191B3627E0CF0C00D447EA /* PresetTransitions.swift */ = {isa = PBXFileReference; lastKnownFileType = sourcecode.swift; path = PresetTransitions.swift; sourceTree = "<group>"; };
		B458551427E0D29F0032239C /* Slide.swift */ = {isa = PBXFileReference; fileEncoding = 4; lastKnownFileType = sourcecode.swift; path = Slide.swift; sourceTree = "<group>"; };
		B458551627E0D2A90032239C /* Opacity.swift */ = {isa = PBXFileReference; fileEncoding = 4; lastKnownFileType = sourcecode.swift; path = Opacity.swift; sourceTree = "<group>"; };
		B458551727E0D2A90032239C /* Offset.swift */ = {isa = PBXFileReference; fileEncoding = 4; lastKnownFileType = sourcecode.swift; path = Offset.swift; sourceTree = "<group>"; };
		B458551827E0D2A90032239C /* Scale.swift */ = {isa = PBXFileReference; fileEncoding = 4; lastKnownFileType = sourcecode.swift; path = Scale.swift; sourceTree = "<group>"; };
		B458551927E0D2A90032239C /* Move.swift */ = {isa = PBXFileReference; fileEncoding = 4; lastKnownFileType = sourcecode.swift; path = Move.swift; sourceTree = "<group>"; };
		B458551E27E0D6400032239C /* Combining.swift */ = {isa = PBXFileReference; lastKnownFileType = sourcecode.swift; path = Combining.swift; sourceTree = "<group>"; };
		B458552027E0D72B0032239C /* AssymetricTransition.swift */ = {isa = PBXFileReference; lastKnownFileType = sourcecode.swift; path = AssymetricTransition.swift; sourceTree = "<group>"; };
/* End PBXFileReference section */

/* Begin PBXFrameworksBuildPhase section */
		B4191AE227DEDE9000D447EA /* Frameworks */ = {
			isa = PBXFrameworksBuildPhase;
			buildActionMask = 2147483647;
			files = (
			);
			runOnlyForDeploymentPostprocessing = 0;
		};
/* End PBXFrameworksBuildPhase section */

/* Begin PBXGroup section */
		B4191ADC27DEDE9000D447EA = {
			isa = PBXGroup;
			children = (
				B4191AE727DEDE9000D447EA /* SwiftUIAnimationProperties */,
				B4191AE627DEDE9000D447EA /* Products */,
			);
			sourceTree = "<group>";
		};
		B4191AE627DEDE9000D447EA /* Products */ = {
			isa = PBXGroup;
			children = (
				B4191AE527DEDE9000D447EA /* SwiftUIAnimationProperties.app */,
			);
			name = Products;
			sourceTree = "<group>";
		};
		B4191AE727DEDE9000D447EA /* SwiftUIAnimationProperties */ = {
			isa = PBXGroup;
			children = (
				B4191AF927DEE11B00D447EA /* CustomViews.swift */,
				B4191B1B27DEEE5600D447EA /* Animation */,
				B4191B2827DEFBB500D447EA /* AnimationCurves */,
				B4191B2927DF026F00D447EA /* AnimatableProperties */,
				B4191B2A27DF044F00D447EA /* SpringAnimation */,
				B4191B2B27DF045900D447EA /* Transitions */,
				B4191AE827DEDE9000D447EA /* SwiftUIAnimationPropertiesApp.swift */,
				B4191AEA27DEDE9000D447EA /* ContentView.swift */,
				B4191AEC27DEDE9000D447EA /* Assets.xcassets */,
				B4191AEE27DEDE9000D447EA /* Preview Content */,
			);
			path = SwiftUIAnimationProperties;
			sourceTree = "<group>";
		};
		B4191AEE27DEDE9000D447EA /* Preview Content */ = {
			isa = PBXGroup;
			children = (
				B4191AEF27DEDE9000D447EA /* Preview Assets.xcassets */,
			);
			path = "Preview Content";
			sourceTree = "<group>";
		};
		B4191B1B27DEEE5600D447EA /* Animation */ = {
			isa = PBXGroup;
			children = (
				B4191B1C27DEEE6400D447EA /* Animation.swift */,
				B4191B1E27DEF36400D447EA /* NoAnimation.swift */,
				B4191B1F27DEF36400D447EA /* WithAnimation.swift */,
			);
			path = Animation;
			sourceTree = "<group>";
		};
		B4191B2827DEFBB500D447EA /* AnimationCurves */ = {
			isa = PBXGroup;
			children = (
				B4191B2227DEF45E00D447EA /* AnimationCurves.swift */,
				B4191B2427DEFA9600D447EA /* CustomTimingCurve.swift */,
				B4191B2627DEFB0C00D447EA /* AnimationCurvesExample.swift */,
			);
			path = AnimationCurves;
			sourceTree = "<group>";
		};
		B4191B2927DF026F00D447EA /* AnimatableProperties */ = {
			isa = PBXGroup;
			children = (
				B4191AF727DEE04A00D447EA /* Animate_Color.swift */,
				B4191AFB27DEE2DC00D447EA /* Animate_HueRotation.swift */,
				B4191AFD27DEE2EF00D447EA /* Animate_Alignment.swift */,
				B4191AFF27DEE2EF00D447EA /* Animate_GeometryReader.swift */,
				B4191B0327DEE2EF00D447EA /* Animate_Offset.swift */,
				B4191B0527DEE2EF00D447EA /* Animate_Opacity.swift */,
				B4191AFE27DEE2EF00D447EA /* Animate_RotationEffect_Anchors.swift */,
				B4191B0227DEE2EF00D447EA /* Animate_RotationEffect.swift */,
				B4191B0027DEE2EF00D447EA /* Animate_RoundedCorners.swift */,
				B4191B0127DEE2EF00D447EA /* Animate_ScaleEffect_Anchors.swift */,
				B4191B0427DEE2EF00D447EA /* Animate_Size_Frame.swift */,
				B4191B0627DEE2EF00D447EA /* Animate_Size_ScaleEffect.swift */,
				B4191B0727DEE2EF00D447EA /* Animate_TextSize.swift */,
				B4191B1627DEE71200D447EA /* Animate_TextSize_ScaleEffect_Solution.swift */,
				B4191B1527DEE71200D447EA /* Animate_TextSize_ScaleEffect.swift */,
				B4191B0827DEE2EF00D447EA /* Animate_Trim.swift */,
				B4191B1927DEE8F600D447EA /* AnimatableProperties.swift */,
			);
			path = AnimatableProperties;
			sourceTree = "<group>";
		};
		B4191B2A27DF044F00D447EA /* SpringAnimation */ = {
			isa = PBXGroup;
			children = (
				B4191B2C27DF049D00D447EA /* SpringAnimation.swift */,
				B4191B2E27DF069900D447EA /* SpringExample.swift */,
				B4191B3027DF073F00D447EA /* InteractiveSpring.swift */,
				B4191B3227DF074C00D447EA /* InterpolatingSpring.swift */,
			);
			path = SpringAnimation;
			sourceTree = "<group>";
		};
		B4191B2B27DF045900D447EA /* Transitions */ = {
			isa = PBXGroup;
			children = (
				B4191B3427E0C99400D447EA /* Transition.swift */,
				B4191B3627E0CF0C00D447EA /* PresetTransitions.swift */,
				B458551427E0D29F0032239C /* Slide.swift */,
				B458551927E0D2A90032239C /* Move.swift */,
				B458551727E0D2A90032239C /* Offset.swift */,
				B458551627E0D2A90032239C /* Opacity.swift */,
				B458551827E0D2A90032239C /* Scale.swift */,
				B458551E27E0D6400032239C /* Combining.swift */,
				B458552027E0D72B0032239C /* AssymetricTransition.swift */,
			);
			path = Transitions;
			sourceTree = "<group>";
		};
/* End PBXGroup section */

/* Begin PBXNativeTarget section */
		B4191AE427DEDE9000D447EA /* SwiftUIAnimationProperties */ = {
			isa = PBXNativeTarget;
			buildConfigurationList = B4191AF327DEDE9000D447EA /* Build configuration list for PBXNativeTarget "SwiftUIAnimationProperties" */;
			buildPhases = (
				B4191AE127DEDE9000D447EA /* Sources */,
				B4191AE227DEDE9000D447EA /* Frameworks */,
				B4191AE327DEDE9000D447EA /* Resources */,
			);
			buildRules = (
			);
			dependencies = (
			);
			name = SwiftUIAnimationProperties;
			productName = SwiftUIAnimationProperties;
			productReference = B4191AE527DEDE9000D447EA /* SwiftUIAnimationProperties.app */;
			productType = "com.apple.product-type.application";
		};
/* End PBXNativeTarget section */

/* Begin PBXProject section */
		B4191ADD27DEDE9000D447EA /* Project object */ = {
			isa = PBXProject;
			attributes = {
				BuildIndependentTargetsInParallel = 1;
				LastSwiftUpdateCheck = 1320;
				LastUpgradeCheck = 1320;
				TargetAttributes = {
					B4191AE427DEDE9000D447EA = {
						CreatedOnToolsVersion = 13.2.1;
					};
				};
			};
			buildConfigurationList = B4191AE027DEDE9000D447EA /* Build configuration list for PBXProject "SwiftUIAnimationProperties" */;
			compatibilityVersion = "Xcode 13.0";
			developmentRegion = en;
			hasScannedForEncodings = 0;
			knownRegions = (
				en,
				Base,
			);
			mainGroup = B4191ADC27DEDE9000D447EA;
			productRefGroup = B4191AE627DEDE9000D447EA /* Products */;
			projectDirPath = "";
			projectRoot = "";
			targets = (
				B4191AE427DEDE9000D447EA /* SwiftUIAnimationProperties */,
			);
		};
/* End PBXProject section */

/* Begin PBXResourcesBuildPhase section */
		B4191AE327DEDE9000D447EA /* Resources */ = {
			isa = PBXResourcesBuildPhase;
			buildActionMask = 2147483647;
			files = (
				B4191AF027DEDE9000D447EA /* Preview Assets.xcassets in Resources */,
				B4191AED27DEDE9000D447EA /* Assets.xcassets in Resources */,
			);
			runOnlyForDeploymentPostprocessing = 0;
		};
/* End PBXResourcesBuildPhase section */

/* Begin PBXSourcesBuildPhase section */
		B4191AE127DEDE9000D447EA /* Sources */ = {
			isa = PBXSourcesBuildPhase;
			buildActionMask = 2147483647;
			files = (
				B4191B1A27DEE8F600D447EA /* AnimatableProperties.swift in Sources */,
				B4191B0D27DEE2EF00D447EA /* Animate_ScaleEffect_Anchors.swift in Sources */,
				B4191AFA27DEE11B00D447EA /* CustomViews.swift in Sources */,
				B4191B3727E0CF0C00D447EA /* PresetTransitions.swift in Sources */,
				B4191B1827DEE71200D447EA /* Animate_TextSize_ScaleEffect_Solution.swift in Sources */,
				B458551A27E0D2A90032239C /* Opacity.swift in Sources */,
				B4191B2127DEF36400D447EA /* WithAnimation.swift in Sources */,
				B458551C27E0D2A90032239C /* Scale.swift in Sources */,
				B4191B0C27DEE2EF00D447EA /* Animate_RoundedCorners.swift in Sources */,
				B4191AEB27DEDE9000D447EA /* ContentView.swift in Sources */,
				B4191AE927DEDE9000D447EA /* SwiftUIAnimationPropertiesApp.swift in Sources */,
				B4191B1027DEE2EF00D447EA /* Animate_Size_Frame.swift in Sources */,
				B458552127E0D72B0032239C /* AssymetricTransition.swift in Sources */,
				B4191B3527E0C99400D447EA /* Transition.swift in Sources */,
				B4191B2F27DF069900D447EA /* SpringExample.swift in Sources */,
				B4191B1227DEE2EF00D447EA /* Animate_Size_ScaleEffect.swift in Sources */,
				B4191B2527DEFA9600D447EA /* CustomTimingCurve.swift in Sources */,
				B4191B0927DEE2EF00D447EA /* Animate_Alignment.swift in Sources */,
				B4191B2027DEF36400D447EA /* NoAnimation.swift in Sources */,
				B4191B0B27DEE2EF00D447EA /* Animate_GeometryReader.swift in Sources */,
				B4191B3327DF074C00D447EA /* InterpolatingSpring.swift in Sources */,
				B4191B0E27DEE2EF00D447EA /* Animate_RotationEffect.swift in Sources */,
				B458551527E0D29F0032239C /* Slide.swift in Sources */,
				B458551F27E0D6400032239C /* Combining.swift in Sources */,
				B458551D27E0D2A90032239C /* Move.swift in Sources */,
				B4191B1127DEE2EF00D447EA /* Animate_Opacity.swift in Sources */,
				B4191B0F27DEE2EF00D447EA /* Animate_Offset.swift in Sources */,
				B4191B2327DEF45E00D447EA /* AnimationCurves.swift in Sources */,
				B4191AF827DEE04A00D447EA /* Animate_Color.swift in Sources */,
				B4191B3127DF073F00D447EA /* InteractiveSpring.swift in Sources */,
				B458551B27E0D2A90032239C /* Offset.swift in Sources */,
				B4191AFC27DEE2DC00D447EA /* Animate_HueRotation.swift in Sources */,
				B4191B0A27DEE2EF00D447EA /* Animate_RotationEffect_Anchors.swift in Sources */,
				B4191B2727DEFB0C00D447EA /* AnimationCurvesExample.swift in Sources */,
				B4191B1327DEE2EF00D447EA /* Animate_TextSize.swift in Sources */,
				B4191B1427DEE2EF00D447EA /* Animate_Trim.swift in Sources */,
				B4191B2D27DF049D00D447EA /* SpringAnimation.swift in Sources */,
				B4191B1D27DEEE6400D447EA /* Animation.swift in Sources */,
				B4191B1727DEE71200D447EA /* Animate_TextSize_ScaleEffect.swift in Sources */,
			);
			runOnlyForDeploymentPostprocessing = 0;
		};
/* End PBXSourcesBuildPhase section */

/* Begin XCBuildConfiguration section */
		B4191AF127DEDE9000D447EA /* Debug */ = {
			isa = XCBuildConfiguration;
			buildSettings = {
				ALWAYS_SEARCH_USER_PATHS = NO;
				CLANG_ANALYZER_NONNULL = YES;
				CLANG_ANALYZER_NUMBER_OBJECT_CONVERSION = YES_AGGRESSIVE;
				CLANG_CXX_LANGUAGE_STANDARD = "gnu++17";
				CLANG_CXX_LIBRARY = "libc++";
				CLANG_ENABLE_MODULES = YES;
				CLANG_ENABLE_OBJC_ARC = YES;
				CLANG_ENABLE_OBJC_WEAK = YES;
				CLANG_WARN_BLOCK_CAPTURE_AUTORELEASING = YES;
				CLANG_WARN_BOOL_CONVERSION = YES;
				CLANG_WARN_COMMA = YES;
				CLANG_WARN_CONSTANT_CONVERSION = YES;
				CLANG_WARN_DEPRECATED_OBJC_IMPLEMENTATIONS = YES;
				CLANG_WARN_DIRECT_OBJC_ISA_USAGE = YES_ERROR;
				CLANG_WARN_DOCUMENTATION_COMMENTS = YES;
				CLANG_WARN_EMPTY_BODY = YES;
				CLANG_WARN_ENUM_CONVERSION = YES;
				CLANG_WARN_INFINITE_RECURSION = YES;
				CLANG_WARN_INT_CONVERSION = YES;
				CLANG_WARN_NON_LITERAL_NULL_CONVERSION = YES;
				CLANG_WARN_OBJC_IMPLICIT_RETAIN_SELF = YES;
				CLANG_WARN_OBJC_LITERAL_CONVERSION = YES;
				CLANG_WARN_OBJC_ROOT_CLASS = YES_ERROR;
				CLANG_WARN_QUOTED_INCLUDE_IN_FRAMEWORK_HEADER = YES;
				CLANG_WARN_RANGE_LOOP_ANALYSIS = YES;
				CLANG_WARN_STRICT_PROTOTYPES = YES;
				CLANG_WARN_SUSPICIOUS_MOVE = YES;
				CLANG_WARN_UNGUARDED_AVAILABILITY = YES_AGGRESSIVE;
				CLANG_WARN_UNREACHABLE_CODE = YES;
				CLANG_WARN__DUPLICATE_METHOD_MATCH = YES;
				COPY_PHASE_STRIP = NO;
				DEBUG_INFORMATION_FORMAT = dwarf;
				ENABLE_STRICT_OBJC_MSGSEND = YES;
				ENABLE_TESTABILITY = YES;
				GCC_C_LANGUAGE_STANDARD = gnu11;
				GCC_DYNAMIC_NO_PIC = NO;
				GCC_NO_COMMON_BLOCKS = YES;
				GCC_OPTIMIZATION_LEVEL = 0;
				GCC_PREPROCESSOR_DEFINITIONS = (
					"DEBUG=1",
					"$(inherited)",
				);
				GCC_WARN_64_TO_32_BIT_CONVERSION = YES;
				GCC_WARN_ABOUT_RETURN_TYPE = YES_ERROR;
				GCC_WARN_UNDECLARED_SELECTOR = YES;
				GCC_WARN_UNINITIALIZED_AUTOS = YES_AGGRESSIVE;
				GCC_WARN_UNUSED_FUNCTION = YES;
				GCC_WARN_UNUSED_VARIABLE = YES;
				IPHONEOS_DEPLOYMENT_TARGET = 15.2;
				MTL_ENABLE_DEBUG_INFO = INCLUDE_SOURCE;
				MTL_FAST_MATH = YES;
				ONLY_ACTIVE_ARCH = YES;
				SDKROOT = iphoneos;
				SWIFT_ACTIVE_COMPILATION_CONDITIONS = DEBUG;
				SWIFT_OPTIMIZATION_LEVEL = "-Onone";
			};
			name = Debug;
		};
		B4191AF227DEDE9000D447EA /* Release */ = {
			isa = XCBuildConfiguration;
			buildSettings = {
				ALWAYS_SEARCH_USER_PATHS = NO;
				CLANG_ANALYZER_NONNULL = YES;
				CLANG_ANALYZER_NUMBER_OBJECT_CONVERSION = YES_AGGRESSIVE;
				CLANG_CXX_LANGUAGE_STANDARD = "gnu++17";
				CLANG_CXX_LIBRARY = "libc++";
				CLANG_ENABLE_MODULES = YES;
				CLANG_ENABLE_OBJC_ARC = YES;
				CLANG_ENABLE_OBJC_WEAK = YES;
				CLANG_WARN_BLOCK_CAPTURE_AUTORELEASING = YES;
				CLANG_WARN_BOOL_CONVERSION = YES;
				CLANG_WARN_COMMA = YES;
				CLANG_WARN_CONSTANT_CONVERSION = YES;
				CLANG_WARN_DEPRECATED_OBJC_IMPLEMENTATIONS = YES;
				CLANG_WARN_DIRECT_OBJC_ISA_USAGE = YES_ERROR;
				CLANG_WARN_DOCUMENTATION_COMMENTS = YES;
				CLANG_WARN_EMPTY_BODY = YES;
				CLANG_WARN_ENUM_CONVERSION = YES;
				CLANG_WARN_INFINITE_RECURSION = YES;
				CLANG_WARN_INT_CONVERSION = YES;
				CLANG_WARN_NON_LITERAL_NULL_CONVERSION = YES;
				CLANG_WARN_OBJC_IMPLICIT_RETAIN_SELF = YES;
				CLANG_WARN_OBJC_LITERAL_CONVERSION = YES;
				CLANG_WARN_OBJC_ROOT_CLASS = YES_ERROR;
				CLANG_WARN_QUOTED_INCLUDE_IN_FRAMEWORK_HEADER = YES;
				CLANG_WARN_RANGE_LOOP_ANALYSIS = YES;
				CLANG_WARN_STRICT_PROTOTYPES = YES;
				CLANG_WARN_SUSPICIOUS_MOVE = YES;
				CLANG_WARN_UNGUARDED_AVAILABILITY = YES_AGGRESSIVE;
				CLANG_WARN_UNREACHABLE_CODE = YES;
				CLANG_WARN__DUPLICATE_METHOD_MATCH = YES;
				COPY_PHASE_STRIP = NO;
				DEBUG_INFORMATION_FORMAT = "dwarf-with-dsym";
				ENABLE_NS_ASSERTIONS = NO;
				ENABLE_STRICT_OBJC_MSGSEND = YES;
				GCC_C_LANGUAGE_STANDARD = gnu11;
				GCC_NO_COMMON_BLOCKS = YES;
				GCC_WARN_64_TO_32_BIT_CONVERSION = YES;
				GCC_WARN_ABOUT_RETURN_TYPE = YES_ERROR;
				GCC_WARN_UNDECLARED_SELECTOR = YES;
				GCC_WARN_UNINITIALIZED_AUTOS = YES_AGGRESSIVE;
				GCC_WARN_UNUSED_FUNCTION = YES;
				GCC_WARN_UNUSED_VARIABLE = YES;
				IPHONEOS_DEPLOYMENT_TARGET = 15.2;
				MTL_ENABLE_DEBUG_INFO = NO;
				MTL_FAST_MATH = YES;
				SDKROOT = iphoneos;
				SWIFT_COMPILATION_MODE = wholemodule;
				SWIFT_OPTIMIZATION_LEVEL = "-O";
				VALIDATE_PRODUCT = YES;
			};
			name = Release;
		};
		B4191AF427DEDE9000D447EA /* Debug */ = {
			isa = XCBuildConfiguration;
			buildSettings = {
				ASSETCATALOG_COMPILER_APPICON_NAME = AppIcon;
				ASSETCATALOG_COMPILER_GLOBAL_ACCENT_COLOR_NAME = AccentColor;
				CODE_SIGN_STYLE = Automatic;
				CURRENT_PROJECT_VERSION = 1;
				DEVELOPMENT_ASSET_PATHS = "\"SwiftUIAnimationProperties/Preview Content\"";
				ENABLE_PREVIEWS = YES;
				GENERATE_INFOPLIST_FILE = YES;
				INFOPLIST_KEY_UIApplicationSceneManifest_Generation = YES;
				INFOPLIST_KEY_UIApplicationSupportsIndirectInputEvents = YES;
				INFOPLIST_KEY_UILaunchScreen_Generation = YES;
				INFOPLIST_KEY_UISupportedInterfaceOrientations_iPad = "UIInterfaceOrientationPortrait UIInterfaceOrientationPortraitUpsideDown UIInterfaceOrientationLandscapeLeft UIInterfaceOrientationLandscapeRight";
				INFOPLIST_KEY_UISupportedInterfaceOrientations_iPhone = "UIInterfaceOrientationPortrait UIInterfaceOrientationLandscapeLeft UIInterfaceOrientationLandscapeRight";
				LD_RUNPATH_SEARCH_PATHS = (
					"$(inherited)",
					"@executable_path/Frameworks",
				);
				MARKETING_VERSION = 1.0;
				PRODUCT_BUNDLE_IDENTIFIER = karthick.SwiftUIAnimationProperties;
				PRODUCT_NAME = "$(TARGET_NAME)";
				SWIFT_EMIT_LOC_STRINGS = YES;
				SWIFT_VERSION = 5.0;
				TARGETED_DEVICE_FAMILY = "1,2";
			};
			name = Debug;
		};
		B4191AF527DEDE9000D447EA /* Release */ = {
			isa = XCBuildConfiguration;
			buildSettings = {
				ASSETCATALOG_COMPILER_APPICON_NAME = AppIcon;
				ASSETCATALOG_COMPILER_GLOBAL_ACCENT_COLOR_NAME = AccentColor;
				CODE_SIGN_STYLE = Automatic;
				CURRENT_PROJECT_VERSION = 1;
				DEVELOPMENT_ASSET_PATHS = "\"SwiftUIAnimationProperties/Preview Content\"";
				ENABLE_PREVIEWS = YES;
				GENERATE_INFOPLIST_FILE = YES;
				INFOPLIST_KEY_UIApplicationSceneManifest_Generation = YES;
				INFOPLIST_KEY_UIApplicationSupportsIndirectInputEvents = YES;
				INFOPLIST_KEY_UILaunchScreen_Generation = YES;
				INFOPLIST_KEY_UISupportedInterfaceOrientations_iPad = "UIInterfaceOrientationPortrait UIInterfaceOrientationPortraitUpsideDown UIInterfaceOrientationLandscapeLeft UIInterfaceOrientationLandscapeRight";
				INFOPLIST_KEY_UISupportedInterfaceOrientations_iPhone = "UIInterfaceOrientationPortrait UIInterfaceOrientationLandscapeLeft UIInterfaceOrientationLandscapeRight";
				LD_RUNPATH_SEARCH_PATHS = (
					"$(inherited)",
					"@executable_path/Frameworks",
				);
				MARKETING_VERSION = 1.0;
				PRODUCT_BUNDLE_IDENTIFIER = karthick.SwiftUIAnimationProperties;
				PRODUCT_NAME = "$(TARGET_NAME)";
				SWIFT_EMIT_LOC_STRINGS = YES;
				SWIFT_VERSION = 5.0;
				TARGETED_DEVICE_FAMILY = "1,2";
			};
			name = Release;
		};
/* End XCBuildConfiguration section */

/* Begin XCConfigurationList section */
		B4191AE027DEDE9000D447EA /* Build configuration list for PBXProject "SwiftUIAnimationProperties" */ = {
			isa = XCConfigurationList;
			buildConfigurations = (
				B4191AF127DEDE9000D447EA /* Debug */,
				B4191AF227DEDE9000D447EA /* Release */,
			);
			defaultConfigurationIsVisible = 0;
			defaultConfigurationName = Release;
		};
		B4191AF327DEDE9000D447EA /* Build configuration list for PBXNativeTarget "SwiftUIAnimationProperties" */ = {
			isa = XCConfigurationList;
			buildConfigurations = (
				B4191AF427DEDE9000D447EA /* Debug */,
				B4191AF527DEDE9000D447EA /* Release */,
			);
			defaultConfigurationIsVisible = 0;
			defaultConfigurationName = Release;
		};
/* End XCConfigurationList section */
	};
	rootObject = B4191ADD27DEDE9000D447EA /* Project object */;
}
